{
  "nodes": {
    "nixpkgs": {
      "locked": {
        "lastModified": 1780800655,
        "narHash": "sha256-eVQuIiDIy24NIAW+yEirKosWHFYAml6dghmevWgruBE=",
        "owner": "nix-community",
        "repo": "nixpkgs.lib",
        "rev": "78afa8e310f34cba09443a5ef2fb47bfd21d294f",
        "type": "github"
      },
      "original": {
        "owner": "nix-community",
        "repo": "nixpkgs.lib",
        "type": "github"
      }
    },
    "root": {
      "inputs": {
        "nixpkgs": "nixpkgs"
      }
    }
  },
  "root": "root",
  "version": 7
}
